
Microsoft Visual Studio Solution File, Format Version 12.00
# Visual Studio Version 16
VisualStudioVersion = 16.0.31727.386
MinimumVisualStudioVersion = 10.0.40219.1
Project("{8BC9CEB8-8B4A-11D0-8D11-00A0C91BC942}") = "FishTank", "FishTank\FishTank.vcxproj", "{BE7200F5-2F5F-4734-9465-8D4DFBBA244F}"
EndProject
Global
	GlobalSection(SolutionConfigurationPlatforms) = preSolution
		Debug|x64 = Debug|x64
		Debug|x86 = Debug|x86
		Release|x64 = Release|x64
		Release|x86 = Release|x86
	EndGlobalSection
	GlobalSection(ProjectConfigurationPlatforms) = postSolution
		{BE7200F5-2F5F-4734-9465-8D4DFBBA244F}.Debug|x64.ActiveCfg = Debug|x64
		{BE7200F5-2F5F-4734-9465-8D4DFBBA244F}.Debug|x64.Build.0 = Debug|x64
		{BE7200F5-2F5F-4734-9465-8D4DFBBA244F}.Debug|x86.ActiveCfg = Debug|Win32
		{BE7200F5-2F5F-4734-9465-8D4DFBBA244F}.Debug|x86.Build.0 = Debug|Win32
		{BE7200F5-2F5F-4734-9465-8D4DFBBA244F}.Release|x64.ActiveCfg = Release|x64
		{BE7200F5-2F5F-4734-9465-8D4DFBBA244F}.Release|x64.Build.0 = Release|x64
		{BE7200F5-2F5F-4734-9465-8D4DFBBA244F}.Release|x86.ActiveCfg = Release|Win32
		{BE7200F5-2F5F-4734-9465-8D4DFBBA244F}.Release|x86.Build.0 = Release|Win32
	EndGlobalSection
	GlobalSection(SolutionProperties) = preSolution
		HideSolutionNode = FALSE
	EndGlobalSection
	GlobalSection(ExtensibilityGlobals) = postSolution
		SolutionGuid = {45373FBD-D656-42E8-99B9-CB0B3F524CD6}
	EndGlobalSection
EndGlobal
